{
  "version": 4,
  "terraform_version": "0.13.0",
  "serial": 194,
  "lineage": "f0ddd5a2-201e-13f2-fdd7-46bc9a5c4f59",
  "outputs": {},
  "resources": [
    {
      "mode": "managed",
      "type": "aws_eip",
      "name": "task_ip",
      "provider": "provider[\"registry.terraform.io/hashicorp/aws\"]",
      "instances": [
        {
          "schema_version": 0,
          "attributes": {
            "allocation_id": null,
            "associate_with_private_ip": null,
            "association_id": "",
            "customer_owned_ip": "",
            "customer_owned_ipv4_pool": "",
            "domain": "vpc",
            "id": "eipalloc-03be432c6553814d0",
            "instance": "",
            "network_interface": "",
            "private_dns": null,
            "private_ip": "",
            "public_dns": "ec2-15-207-170-188.ap-south-1.compute.amazonaws.com",
            "public_ip": "15.207.170.188",
            "public_ipv4_pool": "amazon",
            "tags": null,
            "timeouts": null,
            "vpc": true
          },
          "private": "eyJlMmJmYjczMC1lY2FhLTExZTYtOGY4OC0zNDM2M2JjN2M0YzAiOnsiZGVsZXRlIjoxODAwMDAwMDAwMDAsInJlYWQiOjkwMDAwMDAwMDAwMCwidXBkYXRlIjozMDAwMDAwMDAwMDB9fQ==",
          "dependencies": [
            "aws_internet_gateway.task_ig",
            "aws_vpc.task_vpc"
          ]
        }
      ]
    },
    {
      "mode": "managed",
      "type": "aws_instance",
      "name": "MySQL",
      "provider": "provider[\"registry.terraform.io/hashicorp/aws\"]",
      "instances": [
        {
          "schema_version": 1,
          "attributes": {
            "ami": "ami-04ca6b22ca88bdbea",
            "arn": "arn:aws:ec2:ap-south-1:130210155743:instance/i-07a5f0b7fc2dd0768",
            "associate_public_ip_address": false,
            "availability_zone": "ap-south-1b",
            "cpu_core_count": 1,
            "cpu_threads_per_core": 1,
            "credit_specification": [
              {
                "cpu_credits": "standard"
              }
            ],
            "disable_api_termination": false,
            "ebs_block_device": [],
            "ebs_optimized": false,
            "ephemeral_block_device": [],
            "get_password_data": false,
            "hibernation": false,
            "host_id": null,
            "iam_instance_profile": "",
            "id": "i-07a5f0b7fc2dd0768",
            "instance_initiated_shutdown_behavior": null,
            "instance_state": "running",
            "instance_type": "t2.micro",
            "ipv6_address_count": 0,
            "ipv6_addresses": [],
            "key_name": "task_key",
            "metadata_options": [
              {
                "http_endpoint": "enabled",
                "http_put_response_hop_limit": 1,
                "http_tokens": "optional"
              }
            ],
            "monitoring": false,
            "network_interface": [],
            "network_interface_id": null,
            "outpost_arn": "",
            "password_data": "",
            "placement_group": "",
            "primary_network_interface_id": "eni-02cd9a133dffeb108",
            "private_dns": "ip-192-168-2-101.ap-south-1.compute.internal",
            "private_ip": "192.168.2.101",
            "public_dns": "",
            "public_ip": "",
            "root_block_device": [
              {
                "delete_on_termination": true,
                "device_name": "/dev/sda1",
                "encrypted": false,
                "iops": 100,
                "kms_key_id": "",
                "volume_id": "vol-088c990ea2a919864",
                "volume_size": 8,
                "volume_type": "gp2"
              }
            ],
            "security_groups": [],
            "source_dest_check": true,
            "subnet_id": "subnet-02bfbba56b15ff0dd",
            "tags": {
              "Name": "MySQL-OS"
            },
            "tenancy": "default",
            "timeouts": null,
            "user_data": "2ac1de6ec0ae28dc03fb1228030716c63e89c0b8",
            "user_data_base64": null,
            "volume_tags": {},
            "vpc_security_group_ids": [
              "sg-08a9c9b56e94d05c0"
            ]
          },
          "private": "eyJlMmJmYjczMC1lY2FhLTExZTYtOGY4OC0zNDM2M2JjN2M0YzAiOnsiY3JlYXRlIjo2MDAwMDAwMDAwMDAsImRlbGV0ZSI6MTIwMDAwMDAwMDAwMCwidXBkYXRlIjo2MDAwMDAwMDAwMDB9LCJzY2hlbWFfdmVyc2lvbiI6IjEifQ==",
          "dependencies": [
            "aws_security_group.MySQL_SG",
            "aws_security_group.WP_SG",
            "aws_subnet.private_subnet",
            "aws_vpc.task_vpc",
            "tls_private_key.task_key"
          ]
        }
      ]
    },
    {
      "mode": "managed",
      "type": "aws_instance",
      "name": "WordPress",
      "provider": "provider[\"registry.terraform.io/hashicorp/aws\"]",
      "instances": [
        {
          "schema_version": 1,
          "attributes": {
            "ami": "ami-04ca6b22ca88bdbea",
            "arn": "arn:aws:ec2:ap-south-1:130210155743:instance/i-0e7b223c4e2e647e3",
            "associate_public_ip_address": true,
            "availability_zone": "ap-south-1a",
            "cpu_core_count": 1,
            "cpu_threads_per_core": 1,
            "credit_specification": [
              {
                "cpu_credits": "standard"
              }
            ],
            "disable_api_termination": false,
            "ebs_block_device": [],
            "ebs_optimized": false,
            "ephemeral_block_device": [],
            "get_password_data": false,
            "hibernation": false,
            "host_id": null,
            "iam_instance_profile": "",
            "id": "i-0e7b223c4e2e647e3",
            "instance_initiated_shutdown_behavior": null,
            "instance_state": "running",
            "instance_type": "t2.micro",
            "ipv6_address_count": 0,
            "ipv6_addresses": [],
            "key_name": "task_key",
            "metadata_options": [
              {
                "http_endpoint": "enabled",
                "http_put_response_hop_limit": 1,
                "http_tokens": "optional"
              }
            ],
            "monitoring": false,
            "network_interface": [],
            "network_interface_id": null,
            "outpost_arn": "",
            "password_data": "",
            "placement_group": "",
            "primary_network_interface_id": "eni-0a9528b064098f6cf",
            "private_dns": "ip-192-168-3-241.ap-south-1.compute.internal",
            "private_ip": "192.168.3.241",
            "public_dns": "",
            "public_ip": "52.66.163.132",
            "root_block_device": [
              {
                "delete_on_termination": true,
                "device_name": "/dev/sda1",
                "encrypted": false,
                "iops": 100,
                "kms_key_id": "",
                "volume_id": "vol-06483a268f88a0ecf",
                "volume_size": 8,
                "volume_type": "gp2"
              }
            ],
            "security_groups": [],
            "source_dest_check": true,
            "subnet_id": "subnet-036870122d651d62b",
            "tags": {
              "Name": "WordPress-OS"
            },
            "tenancy": "default",
            "timeouts": null,
            "user_data": "4f9117ebcc9e4fae2b7bf9ca595d2fdf56bc5392",
            "user_data_base64": null,
            "volume_tags": {},
            "vpc_security_group_ids": [
              "sg-07041d58a53235194"
            ]
          },
          "private": "eyJlMmJmYjczMC1lY2FhLTExZTYtOGY4OC0zNDM2M2JjN2M0YzAiOnsiY3JlYXRlIjo2MDAwMDAwMDAwMDAsImRlbGV0ZSI6MTIwMDAwMDAwMDAwMCwidXBkYXRlIjo2MDAwMDAwMDAwMDB9LCJzY2hlbWFfdmVyc2lvbiI6IjEifQ==",
          "dependencies": [
            "aws_security_group.WP_SG",
            "aws_subnet.public_subnet",
            "aws_vpc.task_vpc",
            "tls_private_key.task_key"
          ]
        }
      ]
    },
    {
      "mode": "managed",
      "type": "aws_internet_gateway",
      "name": "task_ig",
      "provider": "provider[\"registry.terraform.io/hashicorp/aws\"]",
      "instances": [
        {
          "schema_version": 0,
          "attributes": {
            "arn": "arn:aws:ec2:ap-south-1:130210155743:internet-gateway/igw-08d0bc598143ea437",
            "id": "igw-08d0bc598143ea437",
            "owner_id": "130210155743",
            "tags": {
              "Name": "task_ig"
            },
            "vpc_id": "vpc-08e9177b342a90c57"
          },
          "private": "bnVsbA==",
          "dependencies": [
            "aws_vpc.task_vpc"
          ]
        }
      ]
    },
    {
      "mode": "managed",
      "type": "aws_key_pair",
      "name": "public_key",
      "provider": "provider[\"registry.terraform.io/hashicorp/aws\"]",
      "instances": [
        {
          "schema_version": 1,
          "attributes": {
            "arn": "arn:aws:ec2:ap-south-1:130210155743:key-pair/task_key",
            "fingerprint": "4d:e1:bb:e8:75:2b:7d:df:9a:75:48:8c:3f:bf:b3:bd",
            "id": "task_key",
            "key_name": "task_key",
            "key_name_prefix": null,
            "key_pair_id": "key-08ee042d593b7d014",
            "public_key": "ssh-rsa AAAAB3NzaC1yc2EAAAADAQABAAABAQCrcBcAcmDbZ0J9HxFDMlp/n7e64H9ER/HxS6ohNhsFtEh+knAIl3SpZB6SYEDT9Yi1sX9LkOILw8PXD0B13vWDivx9toSfSAQUlvP3SMrroiHxWUd76R61KGjuGIMwiymwb+jh61QlL1e59HOYoe7sAZf6R9r9v2M1Ontr1RpxNO9iBAVUukZOKxGEsPf/xZon0J3F1KvcIYH2Ng4IbXYYnE4R+T6mG6hBaP01EHLHqELC3WaHOUbZrhE/q+7qK2Zpj+OBfnCI9WffJ4UBC4KhEYvdXLx4nXSBmzPRUP7Tmh/uhta3riv5h9HOPIhRzrf9tTzC9/Sg0FOUhzu3Zzu/",
            "tags": null
          },
          "private": "eyJzY2hlbWFfdmVyc2lvbiI6IjEifQ==",
          "dependencies": [
            "local_file.save_key",
            "tls_private_key.task_key"
          ]
        }
      ]
    },
    {
      "mode": "managed",
      "type": "aws_nat_gateway",
      "name": "task_nat",
      "provider": "provider[\"registry.terraform.io/hashicorp/aws\"]",
      "instances": [
        {
          "schema_version": 0,
          "attributes": {
            "allocation_id": "eipalloc-03be432c6553814d0",
            "id": "nat-0b90ce47a5c860582",
            "network_interface_id": "eni-0fd9e75ac4dda7de9",
            "private_ip": "192.168.3.246",
            "public_ip": "15.207.170.188",
            "subnet_id": "subnet-036870122d651d62b",
            "tags": {
              "Name": "task NAT"
            }
          },
          "private": "bnVsbA==",
          "dependencies": [
            "aws_eip.task_ip",
            "aws_internet_gateway.task_ig",
            "aws_subnet.public_subnet",
            "aws_vpc.task_vpc"
          ]
        }
      ]
    },
    {
      "mode": "managed",
      "type": "aws_route_table",
      "name": "nat_route",
      "provider": "provider[\"registry.terraform.io/hashicorp/aws\"]",
      "instances": [
        {
          "schema_version": 0,
          "attributes": {
            "id": "rtb-047b98e5a6aa7973e",
            "owner_id": "130210155743",
            "propagating_vgws": [],
            "route": [
              {
                "cidr_block": "0.0.0.0/0",
                "egress_only_gateway_id": "",
                "gateway_id": "",
                "instance_id": "",
                "ipv6_cidr_block": "",
                "nat_gateway_id": "nat-0b90ce47a5c860582",
                "network_interface_id": "",
                "transit_gateway_id": "",
                "vpc_peering_connection_id": ""
              }
            ],
            "tags": {
              "Name": "NAT_RouteTable"
            },
            "vpc_id": "vpc-08e9177b342a90c57"
          },
          "private": "bnVsbA==",
          "dependencies": [
            "aws_eip.task_ip",
            "aws_internet_gateway.task_ig",
            "aws_nat_gateway.task_nat",
            "aws_subnet.public_subnet",
            "aws_vpc.task_vpc"
          ]
        }
      ]
    },
    {
      "mode": "managed",
      "type": "aws_route_table",
      "name": "router",
      "provider": "provider[\"registry.terraform.io/hashicorp/aws\"]",
      "instances": [
        {
          "schema_version": 0,
          "attributes": {
            "id": "rtb-00b297cd0554a54c1",
            "owner_id": "130210155743",
            "propagating_vgws": [],
            "route": [
              {
                "cidr_block": "0.0.0.0/0",
                "egress_only_gateway_id": "",
                "gateway_id": "igw-08d0bc598143ea437",
                "instance_id": "",
                "ipv6_cidr_block": "",
                "nat_gateway_id": "",
                "network_interface_id": "",
                "transit_gateway_id": "",
                "vpc_peering_connection_id": ""
              }
            ],
            "tags": {
              "Name": "router_task"
            },
            "vpc_id": "vpc-08e9177b342a90c57"
          },
          "private": "bnVsbA==",
          "dependencies": [
            "aws_internet_gateway.task_ig",
            "aws_vpc.task_vpc"
          ]
        }
      ]
    },
    {
      "mode": "managed",
      "type": "aws_route_table_association",
      "name": "NAT_assocation",
      "provider": "provider[\"registry.terraform.io/hashicorp/aws\"]",
      "instances": [
        {
          "schema_version": 0,
          "attributes": {
            "gateway_id": null,
            "id": "rtbassoc-08539fb818d708729",
            "route_table_id": "rtb-047b98e5a6aa7973e",
            "subnet_id": "subnet-02bfbba56b15ff0dd"
          },
          "private": "bnVsbA==",
          "dependencies": [
            "aws_eip.task_ip",
            "aws_internet_gateway.task_ig",
            "aws_nat_gateway.task_nat",
            "aws_route_table.nat_route",
            "aws_subnet.private_subnet",
            "aws_subnet.public_subnet",
            "aws_vpc.task_vpc"
          ]
        }
      ]
    },
    {
      "mode": "managed",
      "type": "aws_route_table_association",
      "name": "router-association",
      "provider": "provider[\"registry.terraform.io/hashicorp/aws\"]",
      "instances": [
        {
          "schema_version": 0,
          "attributes": {
            "gateway_id": null,
            "id": "rtbassoc-0106e0e91b4d266b2",
            "route_table_id": "rtb-00b297cd0554a54c1",
            "subnet_id": "subnet-036870122d651d62b"
          },
          "private": "bnVsbA==",
          "dependencies": [
            "aws_internet_gateway.task_ig",
            "aws_route_table.router",
            "aws_subnet.public_subnet",
            "aws_vpc.task_vpc"
          ]
        }
      ]
    },
    {
      "mode": "managed",
      "type": "aws_security_group",
      "name": "MySQL_SG",
      "provider": "provider[\"registry.terraform.io/hashicorp/aws\"]",
      "instances": [
        {
          "schema_version": 1,
          "attributes": {
            "arn": "arn:aws:ec2:ap-south-1:130210155743:security-group/sg-08a9c9b56e94d05c0",
            "description": "Allow TLS inbound traffic",
            "egress": [
              {
                "cidr_blocks": [
                  "0.0.0.0/0"
                ],
                "description": "",
                "from_port": 0,
                "ipv6_cidr_blocks": [],
                "prefix_list_ids": [],
                "protocol": "-1",
                "security_groups": [],
                "self": false,
                "to_port": 0
              }
            ],
            "id": "sg-08a9c9b56e94d05c0",
            "ingress": [
              {
                "cidr_blocks": [
                  "0.0.0.0/0"
                ],
                "description": "MySQL redirection",
                "from_port": 8080,
                "ipv6_cidr_blocks": [],
                "prefix_list_ids": [],
                "protocol": "tcp",
                "security_groups": [],
                "self": false,
                "to_port": 8080
              },
              {
                "cidr_blocks": [
                  "0.0.0.0/0"
                ],
                "description": "MySQL",
                "from_port": 3306,
                "ipv6_cidr_blocks": [],
                "prefix_list_ids": [],
                "protocol": "tcp",
                "security_groups": [],
                "self": false,
                "to_port": 3306
              },
              {
                "cidr_blocks": [
                  "0.0.0.0/0"
                ],
                "description": "SSH",
                "from_port": 22,
                "ipv6_cidr_blocks": [],
                "prefix_list_ids": [],
                "protocol": "tcp",
                "security_groups": [
                  "sg-07041d58a53235194"
                ],
                "self": false,
                "to_port": 22
              }
            ],
            "name": "SG_MySQL",
            "name_prefix": null,
            "owner_id": "130210155743",
            "revoke_rules_on_delete": false,
            "tags": {
              "Name": "MySQL_SG"
            },
            "timeouts": null,
            "vpc_id": "vpc-08e9177b342a90c57"
          },
          "private": "eyJlMmJmYjczMC1lY2FhLTExZTYtOGY4OC0zNDM2M2JjN2M0YzAiOnsiY3JlYXRlIjo2MDAwMDAwMDAwMDAsImRlbGV0ZSI6NjAwMDAwMDAwMDAwfSwic2NoZW1hX3ZlcnNpb24iOiIxIn0=",
          "dependencies": [
            "aws_security_group.WP_SG",
            "aws_vpc.task_vpc"
          ]
        }
      ]
    },
    {
      "mode": "managed",
      "type": "aws_security_group",
      "name": "WP_SG",
      "provider": "provider[\"registry.terraform.io/hashicorp/aws\"]",
      "instances": [
        {
          "schema_version": 1,
          "attributes": {
            "arn": "arn:aws:ec2:ap-south-1:130210155743:security-group/sg-07041d58a53235194",
            "description": "Allow TLS inbound traffic",
            "egress": [
              {
                "cidr_blocks": [
                  "0.0.0.0/0"
                ],
                "description": "",
                "from_port": 0,
                "ipv6_cidr_blocks": [],
                "prefix_list_ids": [],
                "protocol": "-1",
                "security_groups": [],
                "self": false,
                "to_port": 0
              }
            ],
            "id": "sg-07041d58a53235194",
            "ingress": [
              {
                "cidr_blocks": [
                  "0.0.0.0/0"
                ],
                "description": "Http port",
                "from_port": 80,
                "ipv6_cidr_blocks": [],
                "prefix_list_ids": [],
                "protocol": "tcp",
                "security_groups": [],
                "self": false,
                "to_port": 80
              },
              {
                "cidr_blocks": [
                  "0.0.0.0/0"
                ],
                "description": "Http redirection",
                "from_port": 8000,
                "ipv6_cidr_blocks": [],
                "prefix_list_ids": [],
                "protocol": "tcp",
                "security_groups": [],
                "self": false,
                "to_port": 8000
              },
              {
                "cidr_blocks": [
                  "0.0.0.0/0"
                ],
                "description": "SSH",
                "from_port": 22,
                "ipv6_cidr_blocks": [],
                "prefix_list_ids": [],
                "protocol": "tcp",
                "security_groups": [],
                "self": false,
                "to_port": 22
              }
            ],
            "name": "WordPress_SG",
            "name_prefix": null,
            "owner_id": "130210155743",
            "revoke_rules_on_delete": false,
            "tags": {
              "Name": "WordPress_SG"
            },
            "timeouts": null,
            "vpc_id": "vpc-08e9177b342a90c57"
          },
          "private": "eyJlMmJmYjczMC1lY2FhLTExZTYtOGY4OC0zNDM2M2JjN2M0YzAiOnsiY3JlYXRlIjo2MDAwMDAwMDAwMDAsImRlbGV0ZSI6NjAwMDAwMDAwMDAwfSwic2NoZW1hX3ZlcnNpb24iOiIxIn0=",
          "dependencies": [
            "aws_vpc.task_vpc"
          ]
        }
      ]
    },
    {
      "mode": "managed",
      "type": "aws_subnet",
      "name": "private_subnet",
      "provider": "provider[\"registry.terraform.io/hashicorp/aws\"]",
      "instances": [
        {
          "schema_version": 1,
          "attributes": {
            "arn": "arn:aws:ec2:ap-south-1:130210155743:subnet/subnet-02bfbba56b15ff0dd",
            "assign_ipv6_address_on_creation": false,
            "availability_zone": "ap-south-1b",
            "availability_zone_id": "aps1-az3",
            "cidr_block": "192.168.2.0/24",
            "id": "subnet-02bfbba56b15ff0dd",
            "ipv6_cidr_block": "",
            "ipv6_cidr_block_association_id": "",
            "map_public_ip_on_launch": false,
            "outpost_arn": "",
            "owner_id": "130210155743",
            "tags": {
              "Name": "private_subnet"
            },
            "timeouts": null,
            "vpc_id": "vpc-08e9177b342a90c57"
          },
          "private": "eyJlMmJmYjczMC1lY2FhLTExZTYtOGY4OC0zNDM2M2JjN2M0YzAiOnsiY3JlYXRlIjo2MDAwMDAwMDAwMDAsImRlbGV0ZSI6MTIwMDAwMDAwMDAwMH0sInNjaGVtYV92ZXJzaW9uIjoiMSJ9",
          "dependencies": [
            "aws_vpc.task_vpc"
          ]
        }
      ]
    },
    {
      "mode": "managed",
      "type": "aws_subnet",
      "name": "public_subnet",
      "provider": "provider[\"registry.terraform.io/hashicorp/aws\"]",
      "instances": [
        {
          "schema_version": 1,
          "attributes": {
            "arn": "arn:aws:ec2:ap-south-1:130210155743:subnet/subnet-036870122d651d62b",
            "assign_ipv6_address_on_creation": false,
            "availability_zone": "ap-south-1a",
            "availability_zone_id": "aps1-az1",
            "cidr_block": "192.168.3.0/24",
            "id": "subnet-036870122d651d62b",
            "ipv6_cidr_block": "",
            "ipv6_cidr_block_association_id": "",
            "map_public_ip_on_launch": false,
            "outpost_arn": "",
            "owner_id": "130210155743",
            "tags": {
              "Name": "public_subnet"
            },
            "timeouts": null,
            "vpc_id": "vpc-08e9177b342a90c57"
          },
          "private": "eyJlMmJmYjczMC1lY2FhLTExZTYtOGY4OC0zNDM2M2JjN2M0YzAiOnsiY3JlYXRlIjo2MDAwMDAwMDAwMDAsImRlbGV0ZSI6MTIwMDAwMDAwMDAwMH0sInNjaGVtYV92ZXJzaW9uIjoiMSJ9",
          "dependencies": [
            "aws_vpc.task_vpc"
          ]
        }
      ]
    },
    {
      "mode": "managed",
      "type": "aws_vpc",
      "name": "task_vpc",
      "provider": "provider[\"registry.terraform.io/hashicorp/aws\"]",
      "instances": [
        {
          "schema_version": 1,
          "attributes": {
            "arn": "arn:aws:ec2:ap-south-1:130210155743:vpc/vpc-08e9177b342a90c57",
            "assign_generated_ipv6_cidr_block": false,
            "cidr_block": "192.168.0.0/16",
            "default_network_acl_id": "acl-00fb592f82b556e84",
            "default_route_table_id": "rtb-0bd9816a59345d2eb",
            "default_security_group_id": "sg-04c596fb1a7779882",
            "dhcp_options_id": "dopt-9d7c86f6",
            "enable_classiclink": null,
            "enable_classiclink_dns_support": null,
            "enable_dns_hostnames": false,
            "enable_dns_support": true,
            "id": "vpc-08e9177b342a90c57",
            "instance_tenancy": "default",
            "ipv6_association_id": "",
            "ipv6_cidr_block": "",
            "main_route_table_id": "rtb-0bd9816a59345d2eb",
            "owner_id": "130210155743",
            "tags": {
              "Name": "Task-3"
            }
          },
          "private": "eyJzY2hlbWFfdmVyc2lvbiI6IjEifQ=="
        }
      ]
    },
    {
      "mode": "managed",
      "type": "local_file",
      "name": "save_key",
      "provider": "provider[\"registry.terraform.io/hashicorp/local\"]",
      "instances": [
        {
          "schema_version": 0,
          "attributes": {
            "content": "-----BEGIN RSA PRIVATE KEY-----\nMIIEpAIBAAKCAQEAq3AXAHJg22dCfR8RQzJaf5+3uuB/REfx8UuqITYbBbRIfpJw\nCJd0qWQekmBA0/WItbF/S5DiC8PD1w9Add71g4r8fbaEn0gEFJbz90jK66Ih8VlH\ne+ketSho7hiDMIspsG/o4etUJS9XufRzmKHu7AGX+kfa/b9jNTp7a9UacTTvYgQF\nVLpGTisRhLD3/8WaJ9CdxdSr3CGB9jYOCG12GJxOEfk+phuoQWj9NRByx6hCwt1m\nhzlG2a4RP6vu6itmaY/jgX5wiPVn3yeFAQuCoRGL3Vy8eJ10gZsz0VD+05of7obW\nt64r+YfRzjyIUc63/bU8wvf0oNBTlIc7t2c7vwIDAQABAoIBAQCjU3JWdqFX5RQu\n574man5VP/BmFSKqBnC1FQTMByPPV2YJT7F0PfZiuoN1qEWaqTzI/ITtlOYFl0eo\nR1t98B+uZmcNzSikJpPcmcNrPuozeo8jw46augkLRahRzQCO6sWY1cTkFrJfiq7k\n9cJ7EyrvpMUJKBO10vPM7h5PKQK7/cc1XLXxdnx5AHgm636ISIzKJytU0i1iwFcO\nNtEl8mpcxek7nI3pkosMh3Oh13/RnK5C3YcgrQE+W4hvsuTtX1vorHE9lvc4RG+w\n3HN9nHLLAjN/CGqqwz8UkcbMBjXwFU0da/AigrU5H9pyahvhBGnnbk+zzLc92V6x\n7yDPSDWhAoGBANDhS1+pP+G0A1NiQbvYq1imL5nh+5HKG08EDUcYFHkjXrCKelG6\nUwGw5uOcTD+csvg9FOgqTLTb4QL6AMJii3+otTxfWSkhvDjSkap79YCBGVGK1A30\ni0vA3GZmPxCUdqB+//4N1Mw/0+2xYTXwGZy4K8k+5NDkhmpqP5QjaF7VAoGBANIc\nh3bJlpP4QlcO2nlLurNRGWQUqsKzFt8HbGZzKYGtMN0b4gNIckgRIR8V8No4w/2n\nZ9oZmSoUHoozH0GWWfJdblm/AIFI5lO/sqbl6qBlD+Z5+moLw2Uf/2Qu8MsCIX3y\ny1zLbSE5AFIN6c+KKsD8Y3RC/qR81N9cPuKk1cJDAoGAOyELrTDEHKhQqLIP2ZUk\nLBwfLXiDNmn4AQ4slAuFACW7EE6jAa+0/62MLrJ4Ayngn9Tqri4LOMdlkuoifORY\niPLBGy4Cl1otZgh1o8UjYhUpjaO3E5w+MluOCI65G4BrdFN/M/PGYWtQGuEzm4k0\nNuELxBRBwcBvLICXLuA3E2ECgYBVM9x6/yRgvLuqMgvGRD9hl/GD9B2K9rS/nHMI\n2IpsW58FCtmMG0S8lLWptWwGEh7oLYqfluHVfnMj97clEaNH9TtaiWnbA4TjUUlR\nBMswX8si2zQA7OQ/jcozBhX/PM34FQ0ChDuszUCkBaBa2NydhbuO2dwJN9Xa/b1C\nizVjoQKBgQDFtxCB4mmA8wTjMxiO1fHCVFzAM3WmEgWWhq6J4o0IlZ1MlV5Rr1AP\nEI9MmC9uUAcjmRNnWZ8GVzW61pPQh173sCnk4E+1frytPlqAL0mGXUquHfXip54s\nHCXhjq+0MMCoMuC8dt3E3u0Gm67FFh+4PCPHe1Myu6dWGJzc56HTUw==\n-----END RSA PRIVATE KEY-----\n",
            "content_base64": null,
            "directory_permission": "0777",
            "file_permission": "0777",
            "filename": "task_key.pem",
            "id": "8d7a9ccaf92a3306446c3daf881b1b3c096825df",
            "sensitive_content": null
          },
          "private": "bnVsbA==",
          "dependencies": [
            "tls_private_key.task_key"
          ]
        }
      ]
    },
    {
      "mode": "managed",
      "type": "tls_private_key",
      "name": "task_key",
      "provider": "provider[\"registry.terraform.io/hashicorp/tls\"]",
      "instances": [
        {
          "schema_version": 0,
          "attributes": {
            "algorithm": "RSA",
            "ecdsa_curve": "P224",
            "id": "68471ddd12e30301ee53391349e934b358fbe807",
            "private_key_pem": "-----BEGIN RSA PRIVATE KEY-----\nMIIEpAIBAAKCAQEAq3AXAHJg22dCfR8RQzJaf5+3uuB/REfx8UuqITYbBbRIfpJw\nCJd0qWQekmBA0/WItbF/S5DiC8PD1w9Add71g4r8fbaEn0gEFJbz90jK66Ih8VlH\ne+ketSho7hiDMIspsG/o4etUJS9XufRzmKHu7AGX+kfa/b9jNTp7a9UacTTvYgQF\nVLpGTisRhLD3/8WaJ9CdxdSr3CGB9jYOCG12GJxOEfk+phuoQWj9NRByx6hCwt1m\nhzlG2a4RP6vu6itmaY/jgX5wiPVn3yeFAQuCoRGL3Vy8eJ10gZsz0VD+05of7obW\nt64r+YfRzjyIUc63/bU8wvf0oNBTlIc7t2c7vwIDAQABAoIBAQCjU3JWdqFX5RQu\n574man5VP/BmFSKqBnC1FQTMByPPV2YJT7F0PfZiuoN1qEWaqTzI/ITtlOYFl0eo\nR1t98B+uZmcNzSikJpPcmcNrPuozeo8jw46augkLRahRzQCO6sWY1cTkFrJfiq7k\n9cJ7EyrvpMUJKBO10vPM7h5PKQK7/cc1XLXxdnx5AHgm636ISIzKJytU0i1iwFcO\nNtEl8mpcxek7nI3pkosMh3Oh13/RnK5C3YcgrQE+W4hvsuTtX1vorHE9lvc4RG+w\n3HN9nHLLAjN/CGqqwz8UkcbMBjXwFU0da/AigrU5H9pyahvhBGnnbk+zzLc92V6x\n7yDPSDWhAoGBANDhS1+pP+G0A1NiQbvYq1imL5nh+5HKG08EDUcYFHkjXrCKelG6\nUwGw5uOcTD+csvg9FOgqTLTb4QL6AMJii3+otTxfWSkhvDjSkap79YCBGVGK1A30\ni0vA3GZmPxCUdqB+//4N1Mw/0+2xYTXwGZy4K8k+5NDkhmpqP5QjaF7VAoGBANIc\nh3bJlpP4QlcO2nlLurNRGWQUqsKzFt8HbGZzKYGtMN0b4gNIckgRIR8V8No4w/2n\nZ9oZmSoUHoozH0GWWfJdblm/AIFI5lO/sqbl6qBlD+Z5+moLw2Uf/2Qu8MsCIX3y\ny1zLbSE5AFIN6c+KKsD8Y3RC/qR81N9cPuKk1cJDAoGAOyELrTDEHKhQqLIP2ZUk\nLBwfLXiDNmn4AQ4slAuFACW7EE6jAa+0/62MLrJ4Ayngn9Tqri4LOMdlkuoifORY\niPLBGy4Cl1otZgh1o8UjYhUpjaO3E5w+MluOCI65G4BrdFN/M/PGYWtQGuEzm4k0\nNuELxBRBwcBvLICXLuA3E2ECgYBVM9x6/yRgvLuqMgvGRD9hl/GD9B2K9rS/nHMI\n2IpsW58FCtmMG0S8lLWptWwGEh7oLYqfluHVfnMj97clEaNH9TtaiWnbA4TjUUlR\nBMswX8si2zQA7OQ/jcozBhX/PM34FQ0ChDuszUCkBaBa2NydhbuO2dwJN9Xa/b1C\nizVjoQKBgQDFtxCB4mmA8wTjMxiO1fHCVFzAM3WmEgWWhq6J4o0IlZ1MlV5Rr1AP\nEI9MmC9uUAcjmRNnWZ8GVzW61pPQh173sCnk4E+1frytPlqAL0mGXUquHfXip54s\nHCXhjq+0MMCoMuC8dt3E3u0Gm67FFh+4PCPHe1Myu6dWGJzc56HTUw==\n-----END RSA PRIVATE KEY-----\n",
            "public_key_fingerprint_md5": "a2:1e:56:06:0f:dd:2d:de:53:74:1b:bb:30:4e:fb:b2",
            "public_key_openssh": "ssh-rsa AAAAB3NzaC1yc2EAAAADAQABAAABAQCrcBcAcmDbZ0J9HxFDMlp/n7e64H9ER/HxS6ohNhsFtEh+knAIl3SpZB6SYEDT9Yi1sX9LkOILw8PXD0B13vWDivx9toSfSAQUlvP3SMrroiHxWUd76R61KGjuGIMwiymwb+jh61QlL1e59HOYoe7sAZf6R9r9v2M1Ontr1RpxNO9iBAVUukZOKxGEsPf/xZon0J3F1KvcIYH2Ng4IbXYYnE4R+T6mG6hBaP01EHLHqELC3WaHOUbZrhE/q+7qK2Zpj+OBfnCI9WffJ4UBC4KhEYvdXLx4nXSBmzPRUP7Tmh/uhta3riv5h9HOPIhRzrf9tTzC9/Sg0FOUhzu3Zzu/\n",
            "public_key_pem": "-----BEGIN PUBLIC KEY-----\nMIIBIjANBgkqhkiG9w0BAQEFAAOCAQ8AMIIBCgKCAQEAq3AXAHJg22dCfR8RQzJa\nf5+3uuB/REfx8UuqITYbBbRIfpJwCJd0qWQekmBA0/WItbF/S5DiC8PD1w9Add71\ng4r8fbaEn0gEFJbz90jK66Ih8VlHe+ketSho7hiDMIspsG/o4etUJS9XufRzmKHu\n7AGX+kfa/b9jNTp7a9UacTTvYgQFVLpGTisRhLD3/8WaJ9CdxdSr3CGB9jYOCG12\nGJxOEfk+phuoQWj9NRByx6hCwt1mhzlG2a4RP6vu6itmaY/jgX5wiPVn3yeFAQuC\noRGL3Vy8eJ10gZsz0VD+05of7obWt64r+YfRzjyIUc63/bU8wvf0oNBTlIc7t2c7\nvwIDAQAB\n-----END PUBLIC KEY-----\n",
            "rsa_bits": 2048
          },
          "private": "bnVsbA=="
        }
      ]
    }
  ]
}
